// !$*UTF8*$!
{
	archiveVersion = 1;
	classes = {
	};
	objectVersion = 46;
	objects = {
/* Begin PBXBuildFile section */
		01F29687C3AF49FC88AF0DA9 /* libGTM_RoundedRectPath.a in Frameworks */ = {isa = PBXBuildFile; fileRef = 285518CC54A64A449987349D /* libGTM_RoundedRectPath.a */; };
		0207DA581B56EA530066E2B4 /* Images.xcassets in Resources */ = {isa = PBXBuildFile; fileRef = 0207DA571B56EA530066E2B4 /* Images.xcassets */; };
		0A713C345D4E464789DDDD98 /* libGTM_NSStringHTML.a in Frameworks */ = {isa = PBXBuildFile; fileRef = 7B6EECBBD46E497690C0296F /* libGTM_NSStringHTML.a */; };
		0B9715FF92D04D04B3C764AB /* libGGLCore.a in Frameworks */ = {isa = PBXBuildFile; fileRef = 020F244149584E1DA239C86F /* libGGLCore.a */; };
		13CEB96919494E27A3F2D2C9 /* libGcmLib.a in Frameworks */ = {isa = PBXBuildFile; fileRef = 706FD2A88590406BA0DFE993 /* libGcmLib.a */; };
		1D3623260D0F684500981E51 /* AppDelegate.m in Sources */ = {isa = PBXBuildFile; fileRef = 1D3623250D0F684500981E51 /* AppDelegate.m */; };
		1D60589B0D05DD56006BFB54 /* main.m in Sources */ = {isa = PBXBuildFile; fileRef = 29B97316FDCFA39411CA2CEA /* main.m */; };
		29F1843B81644D61884D54A7 /* libGSDK_Overload.a in Frameworks */ = {isa = PBXBuildFile; fileRef = 360969AE47C347D19BBC1245 /* libGSDK_Overload.a */; };
		2B8E0C2AE69A4E769FC64EA3 /* CoreLocation.framework in Frameworks */ = {isa = PBXBuildFile; fileRef = 0674762FAAF9485FAE93D8A9 /* CoreLocation.framework */; };
		301BF552109A68D80062928A /* libCordova.a in Frameworks */ = {isa = PBXBuildFile; fileRef = 301BF535109A57CC0062928A /* libCordova.a */; };
		302D95F114D2391D003F00A1 /* MainViewController.m in Sources */ = {isa = PBXBuildFile; fileRef = 302D95EF14D2391D003F00A1 /* MainViewController.m */; };
		302D95F214D2391D003F00A1 /* MainViewController.xib in Resources */ = {isa = PBXBuildFile; fileRef = 302D95F014D2391D003F00A1 /* MainViewController.xib */; };
		38FDE0EAEC3A40569D33058B /* libGTM_UIFont+LineHeight.a in Frameworks */ = {isa = PBXBuildFile; fileRef = 6D58682D0F2B4FBFA8A73062 /* libGTM_UIFont+LineHeight.a */; };
		3F5EB51250B34199A25CFC99 /* libGTM_Regex.a in Frameworks */ = {isa = PBXBuildFile; fileRef = DE2E6FB2D525477BBAB6358D /* libGTM_Regex.a */; };
		40EF1F262BF94F7385F0EF75 /* libGTMSessionFetcher_core.a in Frameworks */ = {isa = PBXBuildFile; fileRef = 1E1E7A2FFF164D2293E303BA /* libGTMSessionFetcher_core.a */; };
		45FA8D7905CA45BC91DF2047 /* libGGLCloudMessaging.a in Frameworks */ = {isa = PBXBuildFile; fileRef = 62DAF07D69C34A44B18F73E9 /* libGGLCloudMessaging.a */; };
		46EDB20945CB4AFA8FB74F21 /* AppDelegate+notification.m in Sources */ = {isa = PBXBuildFile; fileRef = 949273ECD98A4F33B4DB808C /* AppDelegate+notification.m */; };
		47BE2FAA99AF491595C9EBBF /* CDVLogger.m in Sources */ = {isa = PBXBuildFile; fileRef = 811F67384E6C4BC8A65E62F7 /* CDVLogger.m */; };
		5B5434A84B0D479F89AD89CA /* CDVViewController+SplashScreen.m in Sources */ = {isa = PBXBuildFile; fileRef = 65E869356672468B8469F19F /* CDVViewController+SplashScreen.m */; };
		69E0F1BFEFD04A308204C24D /* libsqlite3.tbd in Frameworks */ = {isa = PBXBuildFile; fileRef = 51EFF43EA7604E5B906F0DD3 /* libsqlite3.tbd */; };
		6AFF5BF91D6E424B00AB3073 /* CDVLaunchScreen.storyboard in Resources */ = {isa = PBXBuildFile; fileRef = 6AFF5BF81D6E424B00AB3073 /* CDVLaunchScreen.storyboard */; };
		721DBFF73700444CAF5AD759 /* libGTMSessionFetcher_full.a in Frameworks */ = {isa = PBXBuildFile; fileRef = CC4DE2B40060404BAD85917B /* libGTMSessionFetcher_full.a */; };
		72A8E5B9E443436B8F23C73E /* libz.tbd in Frameworks */ = {isa = PBXBuildFile; fileRef = 5F4F3DB9B8094BB0A5F924B3 /* libz.tbd */; };
		7D4BA41B86E74B31945D4323 /* libGTM_NSDictionary+URLArguments.a in Frameworks */ = {isa = PBXBuildFile; fileRef = 53BA89D760774839A5CFEE40 /* libGTM_NSDictionary+URLArguments.a */; };
		824BE258FD204DE1AF7E429E /* libGTMStackTrace.a in Frameworks */ = {isa = PBXBuildFile; fileRef = 07FFE5A897F74817A7E7528C /* libGTMStackTrace.a */; };
		8618DF1E302946E8A4231F35 /* AddressBook.framework in Frameworks */ = {isa = PBXBuildFile; fileRef = EAAB20C361C54BFB85861416 /* AddressBook.framework */; };
		871E8644EACD458DB9725585 /* libGTM_SystemVersion.a in Frameworks */ = {isa = PBXBuildFile; fileRef = 3901FF02AAB14C85B2A3EB3A /* libGTM_SystemVersion.a */; };
		8956CBF0483545BE8A6B1F69 /* libGTM_KVO.a in Frameworks */ = {isa = PBXBuildFile; fileRef = 37EDBAB47AC34296ADB815D2 /* libGTM_KVO.a */; };
		89FBF77DD46241A182F24B5E /* libProtocolBuffers.a in Frameworks */ = {isa = PBXBuildFile; fileRef = A8532FCCFCFF4203962DDB2A /* libProtocolBuffers.a */; };
		9480FA4077E946848D0C0BED /* IonicKeyboard.m in Sources */ = {isa = PBXBuildFile; fileRef = 2D6B4854EAA64910AE5AACEA /* IonicKeyboard.m */; };
		9D62CECBB32B499CA998B075 /* libGIP_Reachability.a in Frameworks */ = {isa = PBXBuildFile; fileRef = 2BA2C7F85E3B44EFBA2BE4FE /* libGIP_Reachability.a */; };
		A1BE196B72E64485B2F8960C /* libGTM_core.a in Frameworks */ = {isa = PBXBuildFile; fileRef = A547990BF5464B4EBFFFD329 /* libGTM_core.a */; };
		A40544A3580748768A87FFEF /* libGTM_GTMURLBuilder.a in Frameworks */ = {isa = PBXBuildFile; fileRef = 88D4205A84B6489C92A55A21 /* libGTM_GTMURLBuilder.a */; };
		AA3929DDDCBF4031BA9EA434 /* CDVDevice.m in Sources */ = {isa = PBXBuildFile; fileRef = A53203B1EB5D41BAB0D7A3BF /* CDVDevice.m */; };
		B11D8841C26A4177BAE3E53D /* libGTM_StringEncoding.a in Frameworks */ = {isa = PBXBuildFile; fileRef = 5CC3261AE9784B20B4CDC4A4 /* libGTM_StringEncoding.a */; };
		CC80C6B582CB4051BAAA9A5E /* libGTM_NSData+zlib.a in Frameworks */ = {isa = PBXBuildFile; fileRef = 2ACCC7120C504BD6BFC7E794 /* libGTM_NSData+zlib.a */; };
		CCF3F0DA5C98479391F1F4AF /* CDVStatusBar.m in Sources */ = {isa = PBXBuildFile; fileRef = D40B556102D048FB9819C397 /* CDVStatusBar.m */; };
		D03839E1AC064B57947ED270 /* libGTM_NSScannerJSON.a in Frameworks */ = {isa = PBXBuildFile; fileRef = 5EB5FFA468C14155B042C4C7 /* libGTM_NSScannerJSON.a */; };
		D04953D63BCC4208AB5FF130 /* PushPlugin.m in Sources */ = {isa = PBXBuildFile; fileRef = B57FC1F66C024C1BB91E94B8 /* PushPlugin.m */; };
		D0DC936845A84CC4B15AA66C /* libGTM_DebugUtils.a in Frameworks */ = {isa = PBXBuildFile; fileRef = 4FD9B386E4124DB4B2A971E1 /* libGTM_DebugUtils.a */; };
		E2B0B6FC048440D5A0548356 /* libGTM_NSStringXML.a in Frameworks */ = {isa = PBXBuildFile; fileRef = 7503FE29BF3543EDB96D1E47 /* libGTM_NSStringXML.a */; };
		E37C80FEFFD8444C986B6F8B /* CDVLocation.m in Sources */ = {isa = PBXBuildFile; fileRef = 569CADD6EC8443E2A49EF8DF /* CDVLocation.m */; };
		EB2327B342AC4AD899C07B9C /* libGTM_iPhone.a in Frameworks */ = {isa = PBXBuildFile; fileRef = 1E2A41BA4B7C4203AF7DB6E1 /* libGTM_iPhone.a */; };
		EF366DD318C4410DA42FAEC6 /* CDVSplashScreen.m in Sources */ = {isa = PBXBuildFile; fileRef = C51F182083814635A3F33F17 /* CDVSplashScreen.m */; };
		F1851A18FE694BEC85E304B0 /* libGGLInstanceIDLib.a in Frameworks */ = {isa = PBXBuildFile; fileRef = 3D6D961842614F2794896766 /* libGGLInstanceIDLib.a */; };
		FBF3DBF83ED54668BE87D433 /* libGTM_AddressBook.a in Frameworks */ = {isa = PBXBuildFile; fileRef = A419FD66F2044CC7A0546D03 /* libGTM_AddressBook.a */; };
/* End PBXBuildFile section */

/* Begin PBXContainerItemProxy section */
		301BF534109A57CC0062928A /* PBXContainerItemProxy */ = {
			isa = PBXContainerItemProxy;
			containerPortal = 301BF52D109A57CC0062928A /* CordovaLib.xcodeproj */;
			proxyType = 2;
			remoteGlobalIDString = D2AAC07E0554694100DB518D;
			remoteInfo = CordovaLib;
		};
		301BF550109A68C00062928A /* PBXContainerItemProxy */ = {
			isa = PBXContainerItemProxy;
			containerPortal = 301BF52D109A57CC0062928A /* CordovaLib.xcodeproj */;
			proxyType = 1;
			remoteGlobalIDString = D2AAC07D0554694100DB518D;
			remoteInfo = CordovaLib;
		};
/* End PBXContainerItemProxy section */

/* Begin PBXFileReference section */
		0207DA571B56EA530066E2B4 /* Images.xcassets */ = {isa = PBXFileReference; lastKnownFileType = folder.assetcatalog; name = Images.xcassets; path = admin/Images.xcassets; sourceTree = SOURCE_ROOT; };
		020F244149584E1DA239C86F /* libGGLCore.a */ = {isa = PBXFileReference; explicitFileType = undefined; fileEncoding = 9; includeInIndex = 0; lastKnownFileType = archive.ar; name = libGGLCore.a; path = "admin/Plugins/phonegap-plugin-push/GCM/Libraries/libGGLCore.a"; sourceTree = "<group>"; };
		0674762FAAF9485FAE93D8A9 /* CoreLocation.framework */ = {isa = PBXFileReference; explicitFileType = undefined; fileEncoding = 9; includeInIndex = 0; lastKnownFileType = wrapper.framework; name = CoreLocation.framework; path = System/Library/Frameworks/CoreLocation.framework; sourceTree = SDKROOT; };
		07FFE5A897F74817A7E7528C /* libGTMStackTrace.a */ = {isa = PBXFileReference; explicitFileType = undefined; fileEncoding = 9; includeInIndex = 0; lastKnownFileType = archive.ar; name = libGTMStackTrace.a; path = "admin/Plugins/phonegap-plugin-push/GCM/Libraries/libGTMStackTrace.a"; sourceTree = "<group>"; };
		1407C2D6AC1C486A85EEDC74 /* CDVViewController+SplashScreen.h */ = {isa = PBXFileReference; explicitFileType = undefined; fileEncoding = 4; includeInIndex = 0; lastKnownFileType = sourcecode.c.h; name = "CDVViewController+SplashScreen.h"; path = "cordova-plugin-splashscreen/CDVViewController+SplashScreen.h"; sourceTree = "<group>"; };
		1D3623240D0F684500981E51 /* AppDelegate.h */ = {isa = PBXFileReference; fileEncoding = 4; lastKnownFileType = sourcecode.c.h; path = AppDelegate.h; sourceTree = "<group>"; };
		1D3623250D0F684500981E51 /* AppDelegate.m */ = {isa = PBXFileReference; fileEncoding = 4; lastKnownFileType = sourcecode.c.objc; path = AppDelegate.m; sourceTree = "<group>"; };
		1D6058910D05DD3D006BFB54 /* admin.app */ = {isa = PBXFileReference; explicitFileType = wrapper.application; includeInIndex = 0; path = admin.app; sourceTree = BUILT_PRODUCTS_DIR; };
		1E1E7A2FFF164D2293E303BA /* libGTMSessionFetcher_core.a */ = {isa = PBXFileReference; explicitFileType = undefined; fileEncoding = 9; includeInIndex = 0; lastKnownFileType = archive.ar; name = libGTMSessionFetcher_core.a; path = "admin/Plugins/phonegap-plugin-push/GCM/Libraries/libGTMSessionFetcher_core.a"; sourceTree = "<group>"; };
		1E2A41BA4B7C4203AF7DB6E1 /* libGTM_iPhone.a */ = {isa = PBXFileReference; explicitFileType = undefined; fileEncoding = 9; includeInIndex = 0; lastKnownFileType = archive.ar; name = libGTM_iPhone.a; path = "admin/Plugins/phonegap-plugin-push/GCM/Libraries/libGTM_iPhone.a"; sourceTree = "<group>"; };
		285518CC54A64A449987349D /* libGTM_RoundedRectPath.a */ = {isa = PBXFileReference; explicitFileType = undefined; fileEncoding = 9; includeInIndex = 0; lastKnownFileType = archive.ar; name = libGTM_RoundedRectPath.a; path = "admin/Plugins/phonegap-plugin-push/GCM/Libraries/libGTM_RoundedRectPath.a"; sourceTree = "<group>"; };
		29B97316FDCFA39411CA2CEA /* main.m */ = {isa = PBXFileReference; fileEncoding = 4; lastKnownFileType = sourcecode.c.objc; path = main.m; sourceTree = "<group>"; };
		2ACCC7120C504BD6BFC7E794 /* libGTM_NSData+zlib.a */ = {isa = PBXFileReference; explicitFileType = undefined; fileEncoding = 9; includeInIndex = 0; lastKnownFileType = archive.ar; name = "libGTM_NSData+zlib.a"; path = "admin/Plugins/phonegap-plugin-push/GCM/Libraries/libGTM_NSData+zlib.a"; sourceTree = "<group>"; };
		2BA2C7F85E3B44EFBA2BE4FE /* libGIP_Reachability.a */ = {isa = PBXFileReference; explicitFileType = undefined; fileEncoding = 9; includeInIndex = 0; lastKnownFileType = archive.ar; name = libGIP_Reachability.a; path = "admin/Plugins/phonegap-plugin-push/GCM/Libraries/libGIP_Reachability.a"; sourceTree = "<group>"; };
		2CA763D2A78B4F519D0C37CF /* CDVStatusBar.h */ = {isa = PBXFileReference; explicitFileType = undefined; fileEncoding = 4; includeInIndex = 0; lastKnownFileType = sourcecode.c.h; name = CDVStatusBar.h; path = "cordova-plugin-statusbar/CDVStatusBar.h"; sourceTree = "<group>"; };
		2D6B4854EAA64910AE5AACEA /* IonicKeyboard.m */ = {isa = PBXFileReference; explicitFileType = undefined; fileEncoding = 4; includeInIndex = 0; lastKnownFileType = sourcecode.c.objc; name = IonicKeyboard.m; path = "ionic-plugin-keyboard/IonicKeyboard.m"; sourceTree = "<group>"; };
		301BF52D109A57CC0062928A /* CordovaLib.xcodeproj */ = {isa = PBXFileReference; lastKnownFileType = "wrapper.pb-project"; name = CordovaLib.xcodeproj; path = CordovaLib/CordovaLib.xcodeproj; sourceTree = "<group>"; };
		301BF56E109A69640062928A /* www */ = {isa = PBXFileReference; lastKnownFileType = folder; path = www; sourceTree = SOURCE_ROOT; };
		30296F9A6E33479C8095D0B9 /* GGLContext+CloudMessaging.h */ = {isa = PBXFileReference; explicitFileType = undefined; fileEncoding = 4; includeInIndex = 0; lastKnownFileType = sourcecode.c.h; name = "GGLContext+CloudMessaging.h"; path = "phonegap-plugin-push/GCM/Headers/GGLContext+CloudMessaging.h"; sourceTree = "<group>"; };
		302D95EE14D2391D003F00A1 /* MainViewController.h */ = {isa = PBXFileReference; fileEncoding = 4; lastKnownFileType = sourcecode.c.h; path = MainViewController.h; sourceTree = "<group>"; };
		302D95EF14D2391D003F00A1 /* MainViewController.m */ = {isa = PBXFileReference; fileEncoding = 4; lastKnownFileType = sourcecode.c.objc; path = MainViewController.m; sourceTree = "<group>"; };
		302D95F014D2391D003F00A1 /* MainViewController.xib */ = {isa = PBXFileReference; fileEncoding = 4; lastKnownFileType = file.xib; path = MainViewController.xib; sourceTree = "<group>"; };
		3047A50F1AB8059700498E2A /* build-debug.xcconfig */ = {isa = PBXFileReference; fileEncoding = 4; lastKnownFileType = text.xcconfig; name = "build-debug.xcconfig"; path = "cordova/build-debug.xcconfig"; sourceTree = SOURCE_ROOT; };
		3047A5101AB8059700498E2A /* build-release.xcconfig */ = {isa = PBXFileReference; fileEncoding = 4; lastKnownFileType = text.xcconfig; name = "build-release.xcconfig"; path = "cordova/build-release.xcconfig"; sourceTree = SOURCE_ROOT; };
		3047A5111AB8059700498E2A /* build.xcconfig */ = {isa = PBXFileReference; fileEncoding = 4; lastKnownFileType = text.xcconfig; name = build.xcconfig; path = cordova/build.xcconfig; sourceTree = SOURCE_ROOT; };
		32CA4F630368D1EE00C91783 /* admin-Prefix.pch */ = {isa = PBXFileReference; fileEncoding = 4; lastKnownFileType = sourcecode.c.h; path = "admin-Prefix.pch"; sourceTree = "<group>"; };
		33FB4558224D4BB387C6AA38 /* Core.h */ = {isa = PBXFileReference; explicitFileType = undefined; fileEncoding = 4; includeInIndex = 0; lastKnownFileType = sourcecode.c.h; name = Core.h; path = "phonegap-plugin-push/GCM/Headers/Core.h"; sourceTree = "<group>"; };
		360969AE47C347D19BBC1245 /* libGSDK_Overload.a */ = {isa = PBXFileReference; explicitFileType = undefined; fileEncoding = 9; includeInIndex = 0; lastKnownFileType = archive.ar; name = libGSDK_Overload.a; path = "admin/Plugins/phonegap-plugin-push/GCM/Libraries/libGSDK_Overload.a"; sourceTree = "<group>"; };
		37EDBAB47AC34296ADB815D2 /* libGTM_KVO.a */ = {isa = PBXFileReference; explicitFileType = undefined; fileEncoding = 9; includeInIndex = 0; lastKnownFileType = archive.ar; name = libGTM_KVO.a; path = "admin/Plugins/phonegap-plugin-push/GCM/Libraries/libGTM_KVO.a"; sourceTree = "<group>"; };
		3901FF02AAB14C85B2A3EB3A /* libGTM_SystemVersion.a */ = {isa = PBXFileReference; explicitFileType = undefined; fileEncoding = 9; includeInIndex = 0; lastKnownFileType = archive.ar; name = libGTM_SystemVersion.a; path = "admin/Plugins/phonegap-plugin-push/GCM/Libraries/libGTM_SystemVersion.a"; sourceTree = "<group>"; };
		3D6D961842614F2794896766 /* libGGLInstanceIDLib.a */ = {isa = PBXFileReference; explicitFileType = undefined; fileEncoding = 9; includeInIndex = 0; lastKnownFileType = archive.ar; name = libGGLInstanceIDLib.a; path = "admin/Plugins/phonegap-plugin-push/GCM/Libraries/libGGLInstanceIDLib.a"; sourceTree = "<group>"; };
		4168C592D8C840BFA596B761 /* GCMPubSub.h */ = {isa = PBXFileReference; explicitFileType = undefined; fileEncoding = 4; includeInIndex = 0; lastKnownFileType = sourcecode.c.h; name = GCMPubSub.h; path = "phonegap-plugin-push/GCM/Headers/GCMPubSub.h"; sourceTree = "<group>"; };
		46428220A7064A709171EF51 /* GGLInstanceIDConfig.h */ = {isa = PBXFileReference; explicitFileType = undefined; fileEncoding = 4; includeInIndex = 0; lastKnownFileType = sourcecode.c.h; name = GGLInstanceIDConfig.h; path = "phonegap-plugin-push/GCM/Headers/GGLInstanceIDConfig.h"; sourceTree = "<group>"; };
		4FD9B386E4124DB4B2A971E1 /* libGTM_DebugUtils.a */ = {isa = PBXFileReference; explicitFileType = undefined; fileEncoding = 9; includeInIndex = 0; lastKnownFileType = archive.ar; name = libGTM_DebugUtils.a; path = "admin/Plugins/phonegap-plugin-push/GCM/Libraries/libGTM_DebugUtils.a"; sourceTree = "<group>"; };
		51EFF43EA7604E5B906F0DD3 /* libsqlite3.tbd */ = {isa = PBXFileReference; explicitFileType = undefined; fileEncoding = 9; includeInIndex = 0; lastKnownFileType = "sourcecode.text-based-dylib-definition"; name = libsqlite3.tbd; path = usr/lib/libsqlite3.tbd; sourceTree = SDKROOT; };
		53BA89D760774839A5CFEE40 /* libGTM_NSDictionary+URLArguments.a */ = {isa = PBXFileReference; explicitFileType = undefined; fileEncoding = 9; includeInIndex = 0; lastKnownFileType = archive.ar; name = "libGTM_NSDictionary+URLArguments.a"; path = "admin/Plugins/phonegap-plugin-push/GCM/Libraries/libGTM_NSDictionary+URLArguments.a"; sourceTree = "<group>"; };
		569CADD6EC8443E2A49EF8DF /* CDVLocation.m */ = {isa = PBXFileReference; explicitFileType = undefined; fileEncoding = 4; includeInIndex = 0; lastKnownFileType = sourcecode.c.objc; name = CDVLocation.m; path = "cordova-plugin-geolocation/CDVLocation.m"; sourceTree = "<group>"; };
		56DF321ADF354B778EDE1908 /* CDVSplashScreen.h */ = {isa = PBXFileReference; explicitFileType = undefined; fileEncoding = 4; includeInIndex = 0; lastKnownFileType = sourcecode.c.h; name = CDVSplashScreen.h; path = "cordova-plugin-splashscreen/CDVSplashScreen.h"; sourceTree = "<group>"; };
		5CC3261AE9784B20B4CDC4A4 /* libGTM_StringEncoding.a */ = {isa = PBXFileReference; explicitFileType = undefined; fileEncoding = 9; includeInIndex = 0; lastKnownFileType = archive.ar; name = libGTM_StringEncoding.a; path = "admin/Plugins/phonegap-plugin-push/GCM/Libraries/libGTM_StringEncoding.a"; sourceTree = "<group>"; };
		5EB5FFA468C14155B042C4C7 /* libGTM_NSScannerJSON.a */ = {isa = PBXFileReference; explicitFileType = undefined; fileEncoding = 9; includeInIndex = 0; lastKnownFileType = archive.ar; name = libGTM_NSScannerJSON.a; path = "admin/Plugins/phonegap-plugin-push/GCM/Libraries/libGTM_NSScannerJSON.a"; sourceTree = "<group>"; };
		5F4F3DB9B8094BB0A5F924B3 /* libz.tbd */ = {isa = PBXFileReference; explicitFileType = undefined; fileEncoding = 9; includeInIndex = 0; lastKnownFileType = "sourcecode.text-based-dylib-definition"; name = libz.tbd; path = usr/lib/libz.tbd; sourceTree = SDKROOT; };
		62DAF07D69C34A44B18F73E9 /* libGGLCloudMessaging.a */ = {isa = PBXFileReference; explicitFileType = undefined; fileEncoding = 9; includeInIndex = 0; lastKnownFileType = archive.ar; name = libGGLCloudMessaging.a; path = "admin/Plugins/phonegap-plugin-push/GCM/Libraries/libGGLCloudMessaging.a"; sourceTree = "<group>"; };
		65E869356672468B8469F19F /* CDVViewController+SplashScreen.m */ = {isa = PBXFileReference; explicitFileType = undefined; fileEncoding = 4; includeInIndex = 0; lastKnownFileType = sourcecode.c.objc; name = "CDVViewController+SplashScreen.m"; path = "cordova-plugin-splashscreen/CDVViewController+SplashScreen.m"; sourceTree = "<group>"; };
		6AFF5BF81D6E424B00AB3073 /* CDVLaunchScreen.storyboard */ = {isa = PBXFileReference; fileEncoding = 4; lastKnownFileType = file.storyboard; name = CDVLaunchScreen.storyboard; path = admin/CDVLaunchScreen.storyboard; sourceTree = SOURCE_ROOT; };
		6D58682D0F2B4FBFA8A73062 /* libGTM_UIFont+LineHeight.a */ = {isa = PBXFileReference; explicitFileType = undefined; fileEncoding = 9; includeInIndex = 0; lastKnownFileType = archive.ar; name = "libGTM_UIFont+LineHeight.a"; path = "admin/Plugins/phonegap-plugin-push/GCM/Libraries/libGTM_UIFont+LineHeight.a"; sourceTree = "<group>"; };
		706FD2A88590406BA0DFE993 /* libGcmLib.a */ = {isa = PBXFileReference; explicitFileType = undefined; fileEncoding = 9; includeInIndex = 0; lastKnownFileType = archive.ar; name = libGcmLib.a; path = "admin/Plugins/phonegap-plugin-push/GCM/Libraries/libGcmLib.a"; sourceTree = "<group>"; };
		71238F88762B4DD3A96834DD /* GCMConfig.h */ = {isa = PBXFileReference; explicitFileType = undefined; fileEncoding = 4; includeInIndex = 0; lastKnownFileType = sourcecode.c.h; name = GCMConfig.h; path = "phonegap-plugin-push/GCM/Headers/GCMConfig.h"; sourceTree = "<group>"; };
		7503FE29BF3543EDB96D1E47 /* libGTM_NSStringXML.a */ = {isa = PBXFileReference; explicitFileType = undefined; fileEncoding = 9; includeInIndex = 0; lastKnownFileType = archive.ar; name = libGTM_NSStringXML.a; path = "admin/Plugins/phonegap-plugin-push/GCM/Libraries/libGTM_NSStringXML.a"; sourceTree = "<group>"; };
		7B6EECBBD46E497690C0296F /* libGTM_NSStringHTML.a */ = {isa = PBXFileReference; explicitFileType = undefined; fileEncoding = 9; includeInIndex = 0; lastKnownFileType = archive.ar; name = libGTM_NSStringHTML.a; path = "admin/Plugins/phonegap-plugin-push/GCM/Libraries/libGTM_NSStringHTML.a"; sourceTree = "<group>"; };
		811F67384E6C4BC8A65E62F7 /* CDVLogger.m */ = {isa = PBXFileReference; explicitFileType = undefined; fileEncoding = 4; includeInIndex = 0; lastKnownFileType = sourcecode.c.objc; name = CDVLogger.m; path = "cordova-plugin-console/CDVLogger.m"; sourceTree = "<group>"; };
		88D4205A84B6489C92A55A21 /* libGTM_GTMURLBuilder.a */ = {isa = PBXFileReference; explicitFileType = undefined; fileEncoding = 9; includeInIndex = 0; lastKnownFileType = archive.ar; name = libGTM_GTMURLBuilder.a; path = "admin/Plugins/phonegap-plugin-push/GCM/Libraries/libGTM_GTMURLBuilder.a"; sourceTree = "<group>"; };
		89C5D4FDBF8C4765B06D6439 /* CDVLocation.h */ = {isa = PBXFileReference; explicitFileType = undefined; fileEncoding = 4; includeInIndex = 0; lastKnownFileType = sourcecode.c.h; name = CDVLocation.h; path = "cordova-plugin-geolocation/CDVLocation.h"; sourceTree = "<group>"; };
		8D1107310486CEB800E47090 /* admin-Info.plist */ = {isa = PBXFileReference; fileEncoding = 4; lastKnownFileType = text.plist.xml; name = "admin-Info.plist"; path = "admin/admin-Info.plist"; plistStructureDefinitionIdentifier = "com.apple.xcode.plist.structure-definition.iphone.info-plist"; sourceTree = SOURCE_ROOT; };
		949273ECD98A4F33B4DB808C /* AppDelegate+notification.m */ = {isa = PBXFileReference; explicitFileType = undefined; fileEncoding = 4; includeInIndex = 0; lastKnownFileType = sourcecode.c.objc; name = "AppDelegate+notification.m"; path = "phonegap-plugin-push/AppDelegate+notification.m"; sourceTree = "<group>"; };
		96943D43DDFB4E1E81D0B0AF /* CDVDevice.h */ = {isa = PBXFileReference; explicitFileType = undefined; fileEncoding = 4; includeInIndex = 0; lastKnownFileType = sourcecode.c.h; name = CDVDevice.h; path = "cordova-plugin-device/CDVDevice.h"; sourceTree = "<group>"; };
		96F396E8EED547B48CA52BD7 /* GoogleCloudMessaging.h */ = {isa = PBXFileReference; explicitFileType = undefined; fileEncoding = 4; includeInIndex = 0; lastKnownFileType = sourcecode.c.h; name = GoogleCloudMessaging.h; path = "phonegap-plugin-push/GCM/Headers/GoogleCloudMessaging.h"; sourceTree = "<group>"; };
		A0F4F2C248AF4B0995AD4F8E /* GGLErrorCode.h */ = {isa = PBXFileReference; explicitFileType = undefined; fileEncoding = 4; includeInIndex = 0; lastKnownFileType = sourcecode.c.h; name = GGLErrorCode.h; path = "phonegap-plugin-push/GCM/Headers/GGLErrorCode.h"; sourceTree = "<group>"; };
		A419FD66F2044CC7A0546D03 /* libGTM_AddressBook.a */ = {isa = PBXFileReference; explicitFileType = undefined; fileEncoding = 9; includeInIndex = 0; lastKnownFileType = archive.ar; name = libGTM_AddressBook.a; path = "admin/Plugins/phonegap-plugin-push/GCM/Libraries/libGTM_AddressBook.a"; sourceTree = "<group>"; };
		A53203B1EB5D41BAB0D7A3BF /* CDVDevice.m */ = {isa = PBXFileReference; explicitFileType = undefined; fileEncoding = 4; includeInIndex = 0; lastKnownFileType = sourcecode.c.objc; name = CDVDevice.m; path = "cordova-plugin-device/CDVDevice.m"; sourceTree = "<group>"; };
		A547990BF5464B4EBFFFD329 /* libGTM_core.a */ = {isa = PBXFileReference; explicitFileType = undefined; fileEncoding = 9; includeInIndex = 0; lastKnownFileType = archive.ar; name = libGTM_core.a; path = "admin/Plugins/phonegap-plugin-push/GCM/Libraries/libGTM_core.a"; sourceTree = "<group>"; };
		A65E89F1D8214B28B2DCF007 /* GGLConfiguration.h */ = {isa = PBXFileReference; explicitFileType = undefined; fileEncoding = 4; includeInIndex = 0; lastKnownFileType = sourcecode.c.h; name = GGLConfiguration.h; path = "phonegap-plugin-push/GCM/Headers/GGLConfiguration.h"; sourceTree = "<group>"; };
		A8532FCCFCFF4203962DDB2A /* libProtocolBuffers.a */ = {isa = PBXFileReference; explicitFileType = undefined; fileEncoding = 9; includeInIndex = 0; lastKnownFileType = archive.ar; name = libProtocolBuffers.a; path = "admin/Plugins/phonegap-plugin-push/GCM/Libraries/libProtocolBuffers.a"; sourceTree = "<group>"; };
		B57FC1F66C024C1BB91E94B8 /* PushPlugin.m */ = {isa = PBXFileReference; explicitFileType = undefined; fileEncoding = 4; includeInIndex = 0; lastKnownFileType = sourcecode.c.objc; name = PushPlugin.m; path = "phonegap-plugin-push/PushPlugin.m"; sourceTree = "<group>"; };
		B9D0AA6AAEA74A438A90FAA8 /* CloudMessaging.h */ = {isa = PBXFileReference; explicitFileType = undefined; fileEncoding = 4; includeInIndex = 0; lastKnownFileType = sourcecode.c.h; name = CloudMessaging.h; path = "phonegap-plugin-push/GCM/Headers/CloudMessaging.h"; sourceTree = "<group>"; };
		BD43FC9DF9EB4643BDC13F37 /* CDVLogger.h */ = {isa = PBXFileReference; explicitFileType = undefined; fileEncoding = 4; includeInIndex = 0; lastKnownFileType = sourcecode.c.h; name = CDVLogger.h; path = "cordova-plugin-console/CDVLogger.h"; sourceTree = "<group>"; };
		BEFF94483B0E4BE1A6F5BACF /* GGLInstanceIDHeaders.h */ = {isa = PBXFileReference; explicitFileType = undefined; fileEncoding = 4; includeInIndex = 0; lastKnownFileType = sourcecode.c.h; name = GGLInstanceIDHeaders.h; path = "phonegap-plugin-push/GCM/Headers/GGLInstanceIDHeaders.h"; sourceTree = "<group>"; };
		C51F182083814635A3F33F17 /* CDVSplashScreen.m */ = {isa = PBXFileReference; explicitFileType = undefined; fileEncoding = 4; includeInIndex = 0; lastKnownFileType = sourcecode.c.objc; name = CDVSplashScreen.m; path = "cordova-plugin-splashscreen/CDVSplashScreen.m"; sourceTree = "<group>"; };
		C79AD43D57024576854DDF59 /* GCMReceiverDelegate.h */ = {isa = PBXFileReference; explicitFileType = undefined; fileEncoding = 4; includeInIndex = 0; lastKnownFileType = sourcecode.c.h; name = GCMReceiverDelegate.h; path = "phonegap-plugin-push/GCM/Headers/GCMReceiverDelegate.h"; sourceTree = "<group>"; };
		CC4DE2B40060404BAD85917B /* libGTMSessionFetcher_full.a */ = {isa = PBXFileReference; explicitFileType = undefined; fileEncoding = 9; includeInIndex = 0; lastKnownFileType = archive.ar; name = libGTMSessionFetcher_full.a; path = "admin/Plugins/phonegap-plugin-push/GCM/Libraries/libGTMSessionFetcher_full.a"; sourceTree = "<group>"; };
		CDDD806BBDBA4F148B023DBE /* PushPlugin.h */ = {isa = PBXFileReference; explicitFileType = undefined; fileEncoding = 4; includeInIndex = 0; lastKnownFileType = sourcecode.c.h; name = PushPlugin.h; path = "phonegap-plugin-push/PushPlugin.h"; sourceTree = "<group>"; };
		D40B556102D048FB9819C397 /* CDVStatusBar.m */ = {isa = PBXFileReference; explicitFileType = undefined; fileEncoding = 4; includeInIndex = 0; lastKnownFileType = sourcecode.c.objc; name = CDVStatusBar.m; path = "cordova-plugin-statusbar/CDVStatusBar.m"; sourceTree = "<group>"; };
		DE2E6FB2D525477BBAB6358D /* libGTM_Regex.a */ = {isa = PBXFileReference; explicitFileType = undefined; fileEncoding = 9; includeInIndex = 0; lastKnownFileType = archive.ar; name = libGTM_Regex.a; path = "admin/Plugins/phonegap-plugin-push/GCM/Libraries/libGTM_Regex.a"; sourceTree = "<group>"; };
		E10E1E2CCC044F1C9E4707A4 /* GGLContext.h */ = {isa = PBXFileReference; explicitFileType = undefined; fileEncoding = 4; includeInIndex = 0; lastKnownFileType = sourcecode.c.h; name = GGLContext.h; path = "phonegap-plugin-push/GCM/Headers/GGLContext.h"; sourceTree = "<group>"; };
		E54F9987114E4314BDB2B278 /* GCMService.h */ = {isa = PBXFileReference; explicitFileType = undefined; fileEncoding = 4; includeInIndex = 0; lastKnownFileType = sourcecode.c.h; name = GCMService.h; path = "phonegap-plugin-push/GCM/Headers/GCMService.h"; sourceTree = "<group>"; };
		E895FB824AFE417B9D716859 /* IonicKeyboard.h */ = {isa = PBXFileReference; explicitFileType = undefined; fileEncoding = 4; includeInIndex = 0; lastKnownFileType = sourcecode.c.h; name = IonicKeyboard.h; path = "ionic-plugin-keyboard/IonicKeyboard.h"; sourceTree = "<group>"; };
		EAAB20C361C54BFB85861416 /* AddressBook.framework */ = {isa = PBXFileReference; explicitFileType = undefined; fileEncoding = 9; includeInIndex = 0; lastKnownFileType = wrapper.framework; name = AddressBook.framework; path = System/Library/Frameworks/AddressBook.framework; sourceTree = SDKROOT; };
		EB87FDF31871DA8E0020F90C /* www */ = {isa = PBXFileReference; lastKnownFileType = folder; name = www; path = ../../www; sourceTree = "<group>"; };
		EB87FDF41871DAF40020F90C /* config.xml */ = {isa = PBXFileReference; lastKnownFileType = text.xml; name = config.xml; path = ../../config.xml; sourceTree = "<group>"; };
		ED33DF2A687741AEAF9F8254 /* Bridging-Header.h */ = {isa = PBXFileReference; fileEncoding = 4; lastKnownFileType = sourcecode.c.h; path = "Bridging-Header.h"; sourceTree = "<group>"; };
		EF10DF451534460AB51115E7 /* GGLInstanceID.h */ = {isa = PBXFileReference; explicitFileType = undefined; fileEncoding = 4; includeInIndex = 0; lastKnownFileType = sourcecode.c.h; name = GGLInstanceID.h; path = "phonegap-plugin-push/GCM/Headers/GGLInstanceID.h"; sourceTree = "<group>"; };
		F01AB471B92E4EA89BE96A8F /* GGLInstanceIDDelegate.h */ = {isa = PBXFileReference; explicitFileType = undefined; fileEncoding = 4; includeInIndex = 0; lastKnownFileType = sourcecode.c.h; name = GGLInstanceIDDelegate.h; path = "phonegap-plugin-push/GCM/Headers/GGLInstanceIDDelegate.h"; sourceTree = "<group>"; };
		F19FBC8C75FA41D3A7895539 /* AppDelegate+notification.h */ = {isa = PBXFileReference; explicitFileType = undefined; fileEncoding = 4; includeInIndex = 0; lastKnownFileType = sourcecode.c.h; name = "AppDelegate+notification.h"; path = "phonegap-plugin-push/AppDelegate+notification.h"; sourceTree = "<group>"; };
		F840E1F0165FE0F500CFE078 /* config.xml */ = {isa = PBXFileReference; lastKnownFileType = text.xml; name = config.xml; path = admin/config.xml; sourceTree = "<group>"; };
/* End PBXFileReference section */

/* Begin PBXFrameworksBuildPhase section */
		1D60588F0D05DD3D006BFB54 /* Frameworks */ = {
			isa = PBXFrameworksBuildPhase;
			buildActionMask = 2147483647;
			files = (
				301BF552109A68D80062928A /* libCordova.a in Frameworks */,
				2B8E0C2AE69A4E769FC64EA3 /* CoreLocation.framework in Frameworks */,
				45FA8D7905CA45BC91DF2047 /* libGGLCloudMessaging.a in Frameworks */,
				0B9715FF92D04D04B3C764AB /* libGGLCore.a in Frameworks */,
				F1851A18FE694BEC85E304B0 /* libGGLInstanceIDLib.a in Frameworks */,
				9D62CECBB32B499CA998B075 /* libGIP_Reachability.a in Frameworks */,
				29F1843B81644D61884D54A7 /* libGSDK_Overload.a in Frameworks */,
				40EF1F262BF94F7385F0EF75 /* libGTMSessionFetcher_core.a in Frameworks */,
				721DBFF73700444CAF5AD759 /* libGTMSessionFetcher_full.a in Frameworks */,
				824BE258FD204DE1AF7E429E /* libGTMStackTrace.a in Frameworks */,
				FBF3DBF83ED54668BE87D433 /* libGTM_AddressBook.a in Frameworks */,
				D0DC936845A84CC4B15AA66C /* libGTM_DebugUtils.a in Frameworks */,
				A40544A3580748768A87FFEF /* libGTM_GTMURLBuilder.a in Frameworks */,
				8956CBF0483545BE8A6B1F69 /* libGTM_KVO.a in Frameworks */,
				CC80C6B582CB4051BAAA9A5E /* libGTM_NSData+zlib.a in Frameworks */,
				7D4BA41B86E74B31945D4323 /* libGTM_NSDictionary+URLArguments.a in Frameworks */,
				D03839E1AC064B57947ED270 /* libGTM_NSScannerJSON.a in Frameworks */,
				0A713C345D4E464789DDDD98 /* libGTM_NSStringHTML.a in Frameworks */,
				E2B0B6FC048440D5A0548356 /* libGTM_NSStringXML.a in Frameworks */,
				3F5EB51250B34199A25CFC99 /* libGTM_Regex.a in Frameworks */,
				01F29687C3AF49FC88AF0DA9 /* libGTM_RoundedRectPath.a in Frameworks */,
				B11D8841C26A4177BAE3E53D /* libGTM_StringEncoding.a in Frameworks */,
				871E8644EACD458DB9725585 /* libGTM_SystemVersion.a in Frameworks */,
				38FDE0EAEC3A40569D33058B /* libGTM_UIFont+LineHeight.a in Frameworks */,
				A1BE196B72E64485B2F8960C /* libGTM_core.a in Frameworks */,
				EB2327B342AC4AD899C07B9C /* libGTM_iPhone.a in Frameworks */,
				13CEB96919494E27A3F2D2C9 /* libGcmLib.a in Frameworks */,
				89FBF77DD46241A182F24B5E /* libProtocolBuffers.a in Frameworks */,
				8618DF1E302946E8A4231F35 /* AddressBook.framework in Frameworks */,
				69E0F1BFEFD04A308204C24D /* libsqlite3.tbd in Frameworks */,
				72A8E5B9E443436B8F23C73E /* libz.tbd in Frameworks */,
			);
			runOnlyForDeploymentPostprocessing = 0;
		};
/* End PBXFrameworksBuildPhase section */

/* Begin PBXGroup section */
		080E96DDFE201D6D7F000001 /* Classes */ = {
			isa = PBXGroup;
			children = (
				302D95EE14D2391D003F00A1 /* MainViewController.h */,
				302D95EF14D2391D003F00A1 /* MainViewController.m */,
				302D95F014D2391D003F00A1 /* MainViewController.xib */,
				1D3623240D0F684500981E51 /* AppDelegate.h */,
				1D3623250D0F684500981E51 /* AppDelegate.m */,
			);
			name = Classes;
			path = admin/Classes;
			sourceTree = SOURCE_ROOT;
		};
		19C28FACFE9D520D11CA2CBB /* Products */ = {
			isa = PBXGroup;
			children = (
				1D6058910D05DD3D006BFB54 /* admin.app */,
			);
			name = Products;
			sourceTree = "<group>";
		};
		29B97314FDCFA39411CA2CEA /* CustomTemplate */ = {
			isa = PBXGroup;
			children = (
				EB87FDF41871DAF40020F90C /* config.xml */,
				EB87FDF31871DA8E0020F90C /* www */,
				EB87FDF11871DA420020F90C /* Staging */,
				301BF52D109A57CC0062928A /* CordovaLib.xcodeproj */,
				080E96DDFE201D6D7F000001 /* Classes */,
				307C750510C5A3420062BCA9 /* Plugins */,
				29B97315FDCFA39411CA2CEA /* Other Sources */,
				29B97317FDCFA39411CA2CEA /* Resources */,
				29B97323FDCFA39411CA2CEA /* Frameworks */,
				19C28FACFE9D520D11CA2CBB /* Products */,
			);
			name = CustomTemplate;
			sourceTree = "<group>";
		};
		29B97315FDCFA39411CA2CEA /* Other Sources */ = {
			isa = PBXGroup;
			children = (
				32CA4F630368D1EE00C91783 /* admin-Prefix.pch */,
				29B97316FDCFA39411CA2CEA /* main.m */,
				ED33DF2A687741AEAF9F8254 /* Bridging-Header.h */,
			);
			name = "Other Sources";
			path = admin;
			sourceTree = "<group>";
		};
		29B97317FDCFA39411CA2CEA /* Resources */ = {
			isa = PBXGroup;
			children = (
				0207DA571B56EA530066E2B4 /* Images.xcassets */,
				3047A50E1AB8057F00498E2A /* config */,
				8D1107310486CEB800E47090 /* admin-Info.plist */,
				6AFF5BF81D6E424B00AB3073 /* CDVLaunchScreen.storyboard */,
			);
			name = Resources;
			path = admin/Resources;
			sourceTree = "<group>";
		};
		29B97323FDCFA39411CA2CEA /* Frameworks */ = {
			isa = PBXGroup;
			children = (
				0674762FAAF9485FAE93D8A9 /* CoreLocation.framework */,
				62DAF07D69C34A44B18F73E9 /* libGGLCloudMessaging.a */,
				020F244149584E1DA239C86F /* libGGLCore.a */,
				3D6D961842614F2794896766 /* libGGLInstanceIDLib.a */,
				2BA2C7F85E3B44EFBA2BE4FE /* libGIP_Reachability.a */,
				360969AE47C347D19BBC1245 /* libGSDK_Overload.a */,
				1E1E7A2FFF164D2293E303BA /* libGTMSessionFetcher_core.a */,
				CC4DE2B40060404BAD85917B /* libGTMSessionFetcher_full.a */,
				07FFE5A897F74817A7E7528C /* libGTMStackTrace.a */,
				A419FD66F2044CC7A0546D03 /* libGTM_AddressBook.a */,
				4FD9B386E4124DB4B2A971E1 /* libGTM_DebugUtils.a */,
				88D4205A84B6489C92A55A21 /* libGTM_GTMURLBuilder.a */,
				37EDBAB47AC34296ADB815D2 /* libGTM_KVO.a */,
				2ACCC7120C504BD6BFC7E794 /* libGTM_NSData+zlib.a */,
				53BA89D760774839A5CFEE40 /* libGTM_NSDictionary+URLArguments.a */,
				5EB5FFA468C14155B042C4C7 /* libGTM_NSScannerJSON.a */,
				7B6EECBBD46E497690C0296F /* libGTM_NSStringHTML.a */,
				7503FE29BF3543EDB96D1E47 /* libGTM_NSStringXML.a */,
				DE2E6FB2D525477BBAB6358D /* libGTM_Regex.a */,
				285518CC54A64A449987349D /* libGTM_RoundedRectPath.a */,
				5CC3261AE9784B20B4CDC4A4 /* libGTM_StringEncoding.a */,
				3901FF02AAB14C85B2A3EB3A /* libGTM_SystemVersion.a */,
				6D58682D0F2B4FBFA8A73062 /* libGTM_UIFont+LineHeight.a */,
				A547990BF5464B4EBFFFD329 /* libGTM_core.a */,
				1E2A41BA4B7C4203AF7DB6E1 /* libGTM_iPhone.a */,
				706FD2A88590406BA0DFE993 /* libGcmLib.a */,
				A8532FCCFCFF4203962DDB2A /* libProtocolBuffers.a */,
				EAAB20C361C54BFB85861416 /* AddressBook.framework */,
				51EFF43EA7604E5B906F0DD3 /* libsqlite3.tbd */,
				5F4F3DB9B8094BB0A5F924B3 /* libz.tbd */,
			);
			name = Frameworks;
			sourceTree = "<group>";
		};
		301BF52E109A57CC0062928A /* Products */ = {
			isa = PBXGroup;
			children = (
				301BF535109A57CC0062928A /* libCordova.a */,
			);
			name = Products;
			sourceTree = "<group>";
		};
		3047A50E1AB8057F00498E2A /* config */ = {
			isa = PBXGroup;
			children = (
				3047A50F1AB8059700498E2A /* build-debug.xcconfig */,
				3047A5101AB8059700498E2A /* build-release.xcconfig */,
				3047A5111AB8059700498E2A /* build.xcconfig */,
			);
			name = config;
			sourceTree = "<group>";
		};
		307C750510C5A3420062BCA9 /* Plugins */ = {
			isa = PBXGroup;
			children = (
				811F67384E6C4BC8A65E62F7 /* CDVLogger.m */,
				BD43FC9DF9EB4643BDC13F37 /* CDVLogger.h */,
				A53203B1EB5D41BAB0D7A3BF /* CDVDevice.m */,
				96943D43DDFB4E1E81D0B0AF /* CDVDevice.h */,
				569CADD6EC8443E2A49EF8DF /* CDVLocation.m */,
				89C5D4FDBF8C4765B06D6439 /* CDVLocation.h */,
				C51F182083814635A3F33F17 /* CDVSplashScreen.m */,
				65E869356672468B8469F19F /* CDVViewController+SplashScreen.m */,
				56DF321ADF354B778EDE1908 /* CDVSplashScreen.h */,
				1407C2D6AC1C486A85EEDC74 /* CDVViewController+SplashScreen.h */,
				D40B556102D048FB9819C397 /* CDVStatusBar.m */,
				2CA763D2A78B4F519D0C37CF /* CDVStatusBar.h */,
				2D6B4854EAA64910AE5AACEA /* IonicKeyboard.m */,
				E895FB824AFE417B9D716859 /* IonicKeyboard.h */,
				949273ECD98A4F33B4DB808C /* AppDelegate+notification.m */,
				B57FC1F66C024C1BB91E94B8 /* PushPlugin.m */,
				F19FBC8C75FA41D3A7895539 /* AppDelegate+notification.h */,
				CDDD806BBDBA4F148B023DBE /* PushPlugin.h */,
				EF10DF451534460AB51115E7 /* GGLInstanceID.h */,
				46428220A7064A709171EF51 /* GGLInstanceIDConfig.h */,
				F01AB471B92E4EA89BE96A8F /* GGLInstanceIDDelegate.h */,
				BEFF94483B0E4BE1A6F5BACF /* GGLInstanceIDHeaders.h */,
				B9D0AA6AAEA74A438A90FAA8 /* CloudMessaging.h */,
				30296F9A6E33479C8095D0B9 /* GGLContext+CloudMessaging.h */,
				33FB4558224D4BB387C6AA38 /* Core.h */,
				A65E89F1D8214B28B2DCF007 /* GGLConfiguration.h */,
				E10E1E2CCC044F1C9E4707A4 /* GGLContext.h */,
				A0F4F2C248AF4B0995AD4F8E /* GGLErrorCode.h */,
				71238F88762B4DD3A96834DD /* GCMConfig.h */,
				4168C592D8C840BFA596B761 /* GCMPubSub.h */,
				C79AD43D57024576854DDF59 /* GCMReceiverDelegate.h */,
				E54F9987114E4314BDB2B278 /* GCMService.h */,
				96F396E8EED547B48CA52BD7 /* GoogleCloudMessaging.h */,
			);
			name = Plugins;
			path = admin/Plugins;
			sourceTree = SOURCE_ROOT;
		};
		EB87FDF11871DA420020F90C /* Staging */ = {
			isa = PBXGroup;
			children = (
				F840E1F0165FE0F500CFE078 /* config.xml */,
				301BF56E109A69640062928A /* www */,
			);
			name = Staging;
			sourceTree = "<group>";
		};
/* End PBXGroup section */

/* Begin PBXNativeTarget section */
		1D6058900D05DD3D006BFB54 /* admin */ = {
			isa = PBXNativeTarget;
			buildConfigurationList = 1D6058960D05DD3E006BFB54 /* Build configuration list for PBXNativeTarget "admin" */;
			buildPhases = (
				304B58A110DAC018002A0835 /* Copy www directory */,
				1D60588D0D05DD3D006BFB54 /* Resources */,
				1D60588E0D05DD3D006BFB54 /* Sources */,
				1D60588F0D05DD3D006BFB54 /* Frameworks */,
			);
			buildRules = (
			);
			dependencies = (
				301BF551109A68C00062928A /* PBXTargetDependency */,
			);
			name = admin;
			productName = admin;
			productReference = 1D6058910D05DD3D006BFB54 /* admin.app */;
			productType = "com.apple.product-type.application";
		};
/* End PBXNativeTarget section */

/* Begin PBXProject section */
		29B97313FDCFA39411CA2CEA /* Project object */ = {
			isa = PBXProject;
			attributes = {
				LastUpgradeCheck = 510;
				TargetAttributes = {
					1D6058900D05DD3D006BFB54 = {
						DevelopmentTeam = 5RMM3H96QR;
					};
				};
			};
			buildConfigurationList = C01FCF4E08A954540054247B /* Build configuration list for PBXProject "admin" */;
			compatibilityVersion = "Xcode 3.2";
			developmentRegion = English;
			hasScannedForEncodings = 1;
			knownRegions = (
				en,
			);
			mainGroup = 29B97314FDCFA39411CA2CEA /* CustomTemplate */;
			projectDirPath = "";
			projectReferences = (
				{
					ProductGroup = 301BF52E109A57CC0062928A /* Products */;
					ProjectRef = 301BF52D109A57CC0062928A /* CordovaLib.xcodeproj */;
				},
			);
			projectRoot = "";
			targets = (
				1D6058900D05DD3D006BFB54 /* admin */,
			);
		};
/* End PBXProject section */

/* Begin PBXReferenceProxy section */
		301BF535109A57CC0062928A /* libCordova.a */ = {
			isa = PBXReferenceProxy;
			fileType = archive.ar;
			path = libCordova.a;
			remoteRef = 301BF534109A57CC0062928A /* PBXContainerItemProxy */;
			sourceTree = BUILT_PRODUCTS_DIR;
		};
/* End PBXReferenceProxy section */

/* Begin PBXResourcesBuildPhase section */
		1D60588D0D05DD3D006BFB54 /* Resources */ = {
			isa = PBXResourcesBuildPhase;
			buildActionMask = 2147483647;
			files = (
				302D95F214D2391D003F00A1 /* MainViewController.xib in Resources */,
				0207DA581B56EA530066E2B4 /* Images.xcassets in Resources */,
				6AFF5BF91D6E424B00AB3073 /* CDVLaunchScreen.storyboard in Resources */,
			);
			runOnlyForDeploymentPostprocessing = 0;
		};
/* End PBXResourcesBuildPhase section */

/* Begin PBXShellScriptBuildPhase section */
		304B58A110DAC018002A0835 /* Copy www directory */ = {
			isa = PBXShellScriptBuildPhase;
			buildActionMask = 2147483647;
			files = (
			);
			inputPaths = (
			);
			name = "Copy www directory";
			outputPaths = (
			);
			runOnlyForDeploymentPostprocessing = 0;
			shellPath = /bin/sh;
			shellScript = "NODEJS_PATH=/usr/local/bin; NVM_NODE_PATH=~/.nvm/versions/node/`nvm version 2>/dev/null`/bin; N_NODE_PATH=`find /usr/local/n/versions/node/* -maxdepth 0 -type d 2>/dev/null | tail -1`/bin; XCODE_NODE_PATH=`xcode-select --print-path`/usr/share/xcs/Node/bin; PATH=$NODEJS_PATH:$NVM_NODE_PATH:$N_NODE_PATH:$XCODE_NODE_PATH:$PATH && node cordova/lib/copy-www-build-step.js";
			showEnvVarsInLog = 0;
		};
/* End PBXShellScriptBuildPhase section */

/* Begin PBXSourcesBuildPhase section */
		1D60588E0D05DD3D006BFB54 /* Sources */ = {
			isa = PBXSourcesBuildPhase;
			buildActionMask = 2147483647;
			files = (
				1D60589B0D05DD56006BFB54 /* main.m in Sources */,
				1D3623260D0F684500981E51 /* AppDelegate.m in Sources */,
				302D95F114D2391D003F00A1 /* MainViewController.m in Sources */,
				47BE2FAA99AF491595C9EBBF /* CDVLogger.m in Sources */,
				AA3929DDDCBF4031BA9EA434 /* CDVDevice.m in Sources */,
				E37C80FEFFD8444C986B6F8B /* CDVLocation.m in Sources */,
				EF366DD318C4410DA42FAEC6 /* CDVSplashScreen.m in Sources */,
				5B5434A84B0D479F89AD89CA /* CDVViewController+SplashScreen.m in Sources */,
				CCF3F0DA5C98479391F1F4AF /* CDVStatusBar.m in Sources */,
				9480FA4077E946848D0C0BED /* IonicKeyboard.m in Sources */,
				46EDB20945CB4AFA8FB74F21 /* AppDelegate+notification.m in Sources */,
				D04953D63BCC4208AB5FF130 /* PushPlugin.m in Sources */,
			);
			runOnlyForDeploymentPostprocessing = 0;
		};
/* End PBXSourcesBuildPhase section */

/* Begin PBXTargetDependency section */
		301BF551109A68C00062928A /* PBXTargetDependency */ = {
			isa = PBXTargetDependency;
			name = CordovaLib;
			targetProxy = 301BF550109A68C00062928A /* PBXContainerItemProxy */;
		};
/* End PBXTargetDependency section */

/* Begin XCBuildConfiguration section */
		1D6058940D05DD3E006BFB54 /* Debug */ = {
			isa = XCBuildConfiguration;
			baseConfigurationReference = 3047A50F1AB8059700498E2A /* build-debug.xcconfig */;
			buildSettings = {
				ALWAYS_SEARCH_USER_PATHS = NO;
				ASSETCATALOG_COMPILER_APPICON_NAME = AppIcon;
				ASSETCATALOG_COMPILER_LAUNCHIMAGE_NAME = LaunchImage;
				CLANG_ENABLE_MODULES = YES;
				CLANG_ENABLE_OBJC_ARC = YES;
				COPY_PHASE_STRIP = NO;
				DEVELOPMENT_TEAM = 5RMM3H96QR;
				GCC_DYNAMIC_NO_PIC = NO;
				GCC_OPTIMIZATION_LEVEL = 0;
				GCC_PRECOMPILE_PREFIX_HEADER = YES;
				GCC_PREFIX_HEADER = "admin/admin-Prefix.pch";
				GCC_THUMB_SUPPORT = NO;
				GCC_VERSION = "";
				INFOPLIST_FILE = "admin/admin-Info.plist";
				IPHONEOS_DEPLOYMENT_TARGET = 10.2;
				LD_RUNPATH_SEARCH_PATHS = "@executable_path/Frameworks";
				LIBRARY_SEARCH_PATHS = (
					"$(inherited)",
					"\"$(SRCROOT)/admin/Plugins/phonegap-plugin-push/GCM/Libraries\"",
					"\"$(SRCROOT)/admin/Plugins/phonegap-plugin-push/GCM/Libraries\"",
					"\"$(SRCROOT)/admin/Plugins/phonegap-plugin-push/GCM/Libraries\"",
					"\"$(SRCROOT)/admin/Plugins/phonegap-plugin-push/GCM/Libraries\"",
					"\"$(SRCROOT)/admin/Plugins/phonegap-plugin-push/GCM/Libraries\"",
					"\"$(SRCROOT)/admin/Plugins/phonegap-plugin-push/GCM/Libraries\"",
					"\"$(SRCROOT)/admin/Plugins/phonegap-plugin-push/GCM/Libraries\"",
					"\"$(SRCROOT)/admin/Plugins/phonegap-plugin-push/GCM/Libraries\"",
					"\"$(SRCROOT)/admin/Plugins/phonegap-plugin-push/GCM/Libraries\"",
					"\"$(SRCROOT)/admin/Plugins/phonegap-plugin-push/GCM/Libraries\"",
					"\"$(SRCROOT)/admin/Plugins/phonegap-plugin-push/GCM/Libraries\"",
					"\"$(SRCROOT)/admin/Plugins/phonegap-plugin-push/GCM/Libraries\"",
					"\"$(SRCROOT)/admin/Plugins/phonegap-plugin-push/GCM/Libraries\"",
					"\"$(SRCROOT)/admin/Plugins/phonegap-plugin-push/GCM/Libraries\"",
					"\"$(SRCROOT)/admin/Plugins/phonegap-plugin-push/GCM/Libraries\"",
					"\"$(SRCROOT)/admin/Plugins/phonegap-plugin-push/GCM/Libraries\"",
					"\"$(SRCROOT)/admin/Plugins/phonegap-plugin-push/GCM/Libraries\"",
					"\"$(SRCROOT)/admin/Plugins/phonegap-plugin-push/GCM/Libraries\"",
					"\"$(SRCROOT)/admin/Plugins/phonegap-plugin-push/GCM/Libraries\"",
					"\"$(SRCROOT)/admin/Plugins/phonegap-plugin-push/GCM/Libraries\"",
					"\"$(SRCROOT)/admin/Plugins/phonegap-plugin-push/GCM/Libraries\"",
					"\"$(SRCROOT)/admin/Plugins/phonegap-plugin-push/GCM/Libraries\"",
					"\"$(SRCROOT)/admin/Plugins/phonegap-plugin-push/GCM/Libraries\"",
					"\"$(SRCROOT)/admin/Plugins/phonegap-plugin-push/GCM/Libraries\"",
					"\"$(SRCROOT)/admin/Plugins/phonegap-plugin-push/GCM/Libraries\"",
					"\"$(SRCROOT)/admin/Plugins/phonegap-plugin-push/GCM/Libraries\"",
				);
				PRODUCT_NAME = admin;
				TARGETED_DEVICE_FAMILY = 1;
			};
			name = Debug;
		};
		1D6058950D05DD3E006BFB54 /* Release */ = {
			isa = XCBuildConfiguration;
			baseConfigurationReference = 3047A5101AB8059700498E2A /* build-release.xcconfig */;
			buildSettings = {
				ALWAYS_SEARCH_USER_PATHS = NO;
				ASSETCATALOG_COMPILER_APPICON_NAME = AppIcon;
				ASSETCATALOG_COMPILER_LAUNCHIMAGE_NAME = LaunchImage;
				CLANG_ENABLE_MODULES = YES;
				CLANG_ENABLE_OBJC_ARC = YES;
				COPY_PHASE_STRIP = YES;
				DEVELOPMENT_TEAM = 5RMM3H96QR;
				GCC_PRECOMPILE_PREFIX_HEADER = YES;
				GCC_PREFIX_HEADER = "admin/admin-Prefix.pch";
				GCC_THUMB_SUPPORT = NO;
				GCC_VERSION = "";
				INFOPLIST_FILE = "admin/admin-Info.plist";
				IPHONEOS_DEPLOYMENT_TARGET = 10.2;
				LD_RUNPATH_SEARCH_PATHS = "@executable_path/Frameworks";
				LIBRARY_SEARCH_PATHS = (
					"$(inherited)",
					"\"$(SRCROOT)/admin/Plugins/phonegap-plugin-push/GCM/Libraries\"",
					"\"$(SRCROOT)/admin/Plugins/phonegap-plugin-push/GCM/Libraries\"",
					"\"$(SRCROOT)/admin/Plugins/phonegap-plugin-push/GCM/Libraries\"",
					"\"$(SRCROOT)/admin/Plugins/phonegap-plugin-push/GCM/Libraries\"",
					"\"$(SRCROOT)/admin/Plugins/phonegap-plugin-push/GCM/Libraries\"",
					"\"$(SRCROOT)/admin/Plugins/phonegap-plugin-push/GCM/Libraries\"",
					"\"$(SRCROOT)/admin/Plugins/phonegap-plugin-push/GCM/Libraries\"",
					"\"$(SRCROOT)/admin/Plugins/phonegap-plugin-push/GCM/Libraries\"",
					"\"$(SRCROOT)/admin/Plugins/phonegap-plugin-push/GCM/Libraries\"",
					"\"$(SRCROOT)/admin/Plugins/phonegap-plugin-push/GCM/Libraries\"",
					"\"$(SRCROOT)/admin/Plugins/phonegap-plugin-push/GCM/Libraries\"",
					"\"$(SRCROOT)/admin/Plugins/phonegap-plugin-push/GCM/Libraries\"",
					"\"$(SRCROOT)/admin/Plugins/phonegap-plugin-push/GCM/Libraries\"",
					"\"$(SRCROOT)/admin/Plugins/phonegap-plugin-push/GCM/Libraries\"",
					"\"$(SRCROOT)/admin/Plugins/phonegap-plugin-push/GCM/Libraries\"",
					"\"$(SRCROOT)/admin/Plugins/phonegap-plugin-push/GCM/Libraries\"",
					"\"$(SRCROOT)/admin/Plugins/phonegap-plugin-push/GCM/Libraries\"",
					"\"$(SRCROOT)/admin/Plugins/phonegap-plugin-push/GCM/Libraries\"",
					"\"$(SRCROOT)/admin/Plugins/phonegap-plugin-push/GCM/Libraries\"",
					"\"$(SRCROOT)/admin/Plugins/phonegap-plugin-push/GCM/Libraries\"",
					"\"$(SRCROOT)/admin/Plugins/phonegap-plugin-push/GCM/Libraries\"",
					"\"$(SRCROOT)/admin/Plugins/phonegap-plugin-push/GCM/Libraries\"",
					"\"$(SRCROOT)/admin/Plugins/phonegap-plugin-push/GCM/Libraries\"",
					"\"$(SRCROOT)/admin/Plugins/phonegap-plugin-push/GCM/Libraries\"",
					"\"$(SRCROOT)/admin/Plugins/phonegap-plugin-push/GCM/Libraries\"",
					"\"$(SRCROOT)/admin/Plugins/phonegap-plugin-push/GCM/Libraries\"",
				);
				PRODUCT_NAME = admin;
				TARGETED_DEVICE_FAMILY = 1;
			};
			name = Release;
		};
		C01FCF4F08A954540054247B /* Debug */ = {
			isa = XCBuildConfiguration;
			baseConfigurationReference = 3047A5111AB8059700498E2A /* build.xcconfig */;
			buildSettings = {
				ASSETCATALOG_COMPILER_LAUNCHIMAGE_NAME = LaunchImage;
				CLANG_ENABLE_MODULES = YES;
				CLANG_ENABLE_OBJC_ARC = YES;
				CLANG_WARN_BOOL_CONVERSION = YES;
				CLANG_WARN_CONSTANT_CONVERSION = YES;
				CLANG_WARN_EMPTY_BODY = YES;
				CLANG_WARN_ENUM_CONVERSION = YES;
				CLANG_WARN_INT_CONVERSION = YES;
				CLANG_WARN__DUPLICATE_METHOD_MATCH = YES;
				GCC_C_LANGUAGE_STANDARD = c99;
				GCC_THUMB_SUPPORT = NO;
				GCC_VERSION = "";
				GCC_WARN_ABOUT_RETURN_TYPE = YES;
				GCC_WARN_UNDECLARED_SELECTOR = YES;
				GCC_WARN_UNINITIALIZED_AUTOS = YES;
				GCC_WARN_UNUSED_FUNCTION = YES;
				GCC_WARN_UNUSED_VARIABLE = YES;
				ONLY_ACTIVE_ARCH = YES;
				SDKROOT = iphoneos;
				SKIP_INSTALL = NO;
			};
			name = Debug;
		};
		C01FCF5008A954540054247B /* Release */ = {
			isa = XCBuildConfiguration;
			baseConfigurationReference = 3047A5111AB8059700498E2A /* build.xcconfig */;
			buildSettings = {
				ASSETCATALOG_COMPILER_LAUNCHIMAGE_NAME = LaunchImage;
				CLANG_ENABLE_MODULES = YES;
				CLANG_ENABLE_OBJC_ARC = YES;
				CLANG_WARN_BOOL_CONVERSION = YES;
				CLANG_WARN_CONSTANT_CONVERSION = YES;
				CLANG_WARN_EMPTY_BODY = YES;
				CLANG_WARN_ENUM_CONVERSION = YES;
				CLANG_WARN_INT_CONVERSION = YES;
				CLANG_WARN__DUPLICATE_METHOD_MATCH = YES;
				GCC_C_LANGUAGE_STANDARD = c99;
				GCC_THUMB_SUPPORT = NO;
				GCC_VERSION = "";
				GCC_WARN_ABOUT_RETURN_TYPE = YES;
				GCC_WARN_UNDECLARED_SELECTOR = YES;
				GCC_WARN_UNINITIALIZED_AUTOS = YES;
				GCC_WARN_UNUSED_FUNCTION = YES;
				GCC_WARN_UNUSED_VARIABLE = YES;
				SDKROOT = iphoneos;
				SKIP_INSTALL = NO;
			};
			name = Release;
		};
/* End XCBuildConfiguration section */

/* Begin XCConfigurationList section */
		1D6058960D05DD3E006BFB54 /* Build configuration list for PBXNativeTarget "admin" */ = {
			isa = XCConfigurationList;
			buildConfigurations = (
				1D6058940D05DD3E006BFB54 /* Debug */,
				1D6058950D05DD3E006BFB54 /* Release */,
			);
			defaultConfigurationIsVisible = 0;
			defaultConfigurationName = Release;
		};
		C01FCF4E08A954540054247B /* Build configuration list for PBXProject "admin" */ = {
			isa = XCConfigurationList;
			buildConfigurations = (
				C01FCF4F08A954540054247B /* Debug */,
				C01FCF5008A954540054247B /* Release */,
			);
			defaultConfigurationIsVisible = 0;
			defaultConfigurationName = Release;
		};
/* End XCConfigurationList section */
	};
	rootObject = 29B97313FDCFA39411CA2CEA /* Project object */;
}
